
Microsoft Visual Studio Solution File, Format Version 12.00
# Visual Studio Version 17
VisualStudioVersion = 17.1.32210.238
MinimumVisualStudioVersion = 10.0.40219.1
Project("{FAE04EC0-301F-11D3-BF4B-00C04F79EFBC}") = "EmpWage", "EmpWage.csproj", "{7469800F-5623-4FAF-9ED2-CA7F596B3A50}"
EndProject
Global
	GlobalSection(SolutionConfigurationPlatforms) = preSolution
		Debug|Any CPU = Debug|Any CPU
		Release|Any CPU = Release|Any CPU
	EndGlobalSection
	GlobalSection(ProjectConfigurationPlatforms) = postSolution
		{7469800F-5623-4FAF-9ED2-CA7F596B3A50}.Debug|Any CPU.ActiveCfg = Debug|Any CPU
		{7469800F-5623-4FAF-9ED2-CA7F596B3A50}.Debug|Any CPU.Build.0 = Debug|Any CPU
		{7469800F-5623-4FAF-9ED2-CA7F596B3A50}.Release|Any CPU.ActiveCfg = Release|Any CPU
		{7469800F-5623-4FAF-9ED2-CA7F596B3A50}.Release|Any CPU.Build.0 = Release|Any CPU
	EndGlobalSection
	GlobalSection(SolutionProperties) = preSolution
		HideSolutionNode = FALSE
	EndGlobalSection
	GlobalSection(ExtensibilityGlobals) = postSolution
		SolutionGuid = {08E45398-7F2B-4065-9A10-FB27CFD043AA}
	EndGlobalSection
EndGlobal
